
Microsoft Visual Studio Solution File, Format Version 12.00
# Visual Studio 14
VisualStudioVersion = 14.0.25420.1
MinimumVisualStudioVersion = 10.0.40219.1
Project("{FAE04EC0-301F-11D3-BF4B-00C04F79EFBC}") = "DebuggingTipsAndTricks", "DebuggingTipsAndTricks\DebuggingTipsAndTricks.csproj", "{F4C55D7E-778D-458F-94EA-1B048B398936}"
EndProject
Project("{FAE04EC0-301F-11D3-BF4B-00C04F79EFBC}") = "DebugWeb", "DebugWeb\DebugWeb.csproj", "{27CEC70D-D9A4-4FDC-900C-614C039193C8}"
EndProject
Global
	GlobalSection(SolutionConfigurationPlatforms) = preSolution
		Debug|Any CPU = Debug|Any CPU
		Release|Any CPU = Release|Any CPU
	EndGlobalSection
	GlobalSection(ProjectConfigurationPlatforms) = postSolution
		{F4C55D7E-778D-458F-94EA-1B048B398936}.Debug|Any CPU.ActiveCfg = Debug|Any CPU
		{F4C55D7E-778D-458F-94EA-1B048B398936}.Debug|Any CPU.Build.0 = Debug|Any CPU
		{F4C55D7E-778D-458F-94EA-1B048B398936}.Release|Any CPU.ActiveCfg = Release|Any CPU
		{F4C55D7E-778D-458F-94EA-1B048B398936}.Release|Any CPU.Build.0 = Release|Any CPU
		{27CEC70D-D9A4-4FDC-900C-614C039193C8}.Debug|Any CPU.ActiveCfg = Debug|Any CPU
		{27CEC70D-D9A4-4FDC-900C-614C039193C8}.Debug|Any CPU.Build.0 = Debug|Any CPU
		{27CEC70D-D9A4-4FDC-900C-614C039193C8}.Release|Any CPU.ActiveCfg = Release|Any CPU
		{27CEC70D-D9A4-4FDC-900C-614C039193C8}.Release|Any CPU.Build.0 = Release|Any CPU
	EndGlobalSection
	GlobalSection(SolutionProperties) = preSolution
		HideSolutionNode = FALSE
	EndGlobalSection
EndGlobal
