
Microsoft Visual Studio Solution File, Format Version 12.00
# Visual Studio Version 16
VisualStudioVersion = 16.0.30523.141
MinimumVisualStudioVersion = 10.0.40219.1
Project("{FAE04EC0-301F-11D3-BF4B-00C04F79EFBC}") = "Suite", "Suite\Suite.csproj", "{37DFE39B-6C4F-4C18-92C9-51F37772AA67}"
EndProject
Project("{FAE04EC0-301F-11D3-BF4B-00C04F79EFBC}") = "Tests", "Tests\Tests.csproj", "{A20A7524-E163-4024-9C07-E9B43EFC092F}"
EndProject
Global
	GlobalSection(SolutionConfigurationPlatforms) = preSolution
		Debug|Any CPU = Debug|Any CPU
		Release|Any CPU = Release|Any CPU
	EndGlobalSection
	GlobalSection(ProjectConfigurationPlatforms) = postSolution
		{37DFE39B-6C4F-4C18-92C9-51F37772AA67}.Debug|Any CPU.ActiveCfg = Debug|Any CPU
		{37DFE39B-6C4F-4C18-92C9-51F37772AA67}.Debug|Any CPU.Build.0 = Debug|Any CPU
		{37DFE39B-6C4F-4C18-92C9-51F37772AA67}.Release|Any CPU.ActiveCfg = Release|Any CPU
		{37DFE39B-6C4F-4C18-92C9-51F37772AA67}.Release|Any CPU.Build.0 = Release|Any CPU
		{A20A7524-E163-4024-9C07-E9B43EFC092F}.Debug|Any CPU.ActiveCfg = Debug|Any CPU
		{A20A7524-E163-4024-9C07-E9B43EFC092F}.Debug|Any CPU.Build.0 = Debug|Any CPU
		{A20A7524-E163-4024-9C07-E9B43EFC092F}.Release|Any CPU.ActiveCfg = Release|Any CPU
		{A20A7524-E163-4024-9C07-E9B43EFC092F}.Release|Any CPU.Build.0 = Release|Any CPU
	EndGlobalSection
	GlobalSection(SolutionProperties) = preSolution
		HideSolutionNode = FALSE
	EndGlobalSection
	GlobalSection(ExtensibilityGlobals) = postSolution
		SolutionGuid = {A40184AF-A50F-4176-93AC-9F7DC64BCB42}
	EndGlobalSection
EndGlobal
