
Microsoft Visual Studio Solution File, Format Version 12.00
# Visual Studio Version 17
VisualStudioVersion = 17.0.31903.59
MinimumVisualStudioVersion = 10.0.40219.1
Project("{9A19103F-16F7-4668-BE54-9A1E7A4F7556}") = "patterns", "patterns\patterns.csproj", "{4CDC1B97-1623-4305-8963-7FE52BE52BF8}"
EndProject
Global
	GlobalSection(SolutionConfigurationPlatforms) = preSolution
		Debug|Any CPU = Debug|Any CPU
		Release|Any CPU = Release|Any CPU
	EndGlobalSection
	GlobalSection(ProjectConfigurationPlatforms) = postSolution
		{4CDC1B97-1623-4305-8963-7FE52BE52BF8}.Debug|Any CPU.ActiveCfg = Debug|Any CPU
		{4CDC1B97-1623-4305-8963-7FE52BE52BF8}.Debug|Any CPU.Build.0 = Debug|Any CPU
		{4CDC1B97-1623-4305-8963-7FE52BE52BF8}.Release|Any CPU.ActiveCfg = Release|Any CPU
		{4CDC1B97-1623-4305-8963-7FE52BE52BF8}.Release|Any CPU.Build.0 = Release|Any CPU
	EndGlobalSection
	GlobalSection(SolutionProperties) = preSolution
		HideSolutionNode = FALSE
	EndGlobalSection
	GlobalSection(ExtensibilityGlobals) = postSolution
		SolutionGuid = {166C790C-331C-47B8-9C62-523344D76F0F}
	EndGlobalSection
EndGlobal
